
Microsoft Visual Studio Solution File, Format Version 12.00
# Visual Studio Version 17
VisualStudioVersion = 17.5.33424.131
MinimumVisualStudioVersion = 10.0.40219.1
Project("{2150E333-8FDC-42A3-9474-1A3956D46DE8}") = "1. Enterprise Business Rules", "1. Enterprise Business Rules", "{A7FE1476-9CCC-485A-B74F-673AA6B46E3F}"
EndProject
Project("{2150E333-8FDC-42A3-9474-1A3956D46DE8}") = "2. Application Business Rules", "2. Application Business Rules", "{BFFFDC67-A18C-452D-8A22-D7A82C923757}"
EndProject
Project("{2150E333-8FDC-42A3-9474-1A3956D46DE8}") = "3. Interface Adapters", "3. Interface Adapters", "{E4202709-C1E3-4E21-8EC0-0AE2F403A75D}"
EndProject
Project("{2150E333-8FDC-42A3-9474-1A3956D46DE8}") = "4. Frameworks And Drivers", "4. Frameworks And Drivers", "{00A70410-B4B8-4BF9-AB30-B60AE0FAFB0B}"
EndProject
Project("{9A19103F-16F7-4668-BE54-9A1E7A4F7556}") = "NorthWind.Entities", "NorthWind.Entities\NorthWind.Entities.csproj", "{E0DCD57C-49AE-4E78-AD43-562F8369A84D}"
EndProject
Project("{9A19103F-16F7-4668-BE54-9A1E7A4F7556}") = "NorthWind.Sales.BusinessObjects", "NorthWind.Sales.BusinessObjects\NorthWind.Sales.BusinessObjects.csproj", "{5A9639D4-CF6E-4B0E-B1C5-506AB712D254}"
EndProject
Project("{9A19103F-16F7-4668-BE54-9A1E7A4F7556}") = "NorthWind.Sales.UseCases", "NorthWind.Sales.UseCases\NorthWind.Sales.UseCases.csproj", "{EAE1979E-0414-4F71-93ED-B1E13B933179}"
EndProject
Project("{2150E333-8FDC-42A3-9474-1A3956D46DE8}") = "Gateways", "Gateways", "{F5FA5227-E593-439B-963E-8A7211170A70}"
EndProject
Project("{2150E333-8FDC-42A3-9474-1A3956D46DE8}") = "Repositories", "Repositories", "{767CB697-F501-4253-BBE0-CDB84063A4D5}"
EndProject
Project("{9A19103F-16F7-4668-BE54-9A1E7A4F7556}") = "NorthWind.EFCore.Repositories", "NorthWind.EFCore.Repositories\NorthWind.EFCore.Repositories.csproj", "{6654D137-6988-4573-A3B0-A167ED141F02}"
EndProject
Project("{2150E333-8FDC-42A3-9474-1A3956D46DE8}") = "Presenters", "Presenters", "{EAD6EB0A-5CD4-472F-A217-93FF366A712F}"
EndProject
Project("{FAE04EC0-301F-11D3-BF4B-00C04F79EFBC}") = "NorthWind.Sales.Presenters", "NorthWind.Sales.Presenters\NorthWind.Sales.Presenters.csproj", "{2DCFDFB2-0A29-4D6E-A5DC-025361BAD4F3}"
EndProject
Project("{2150E333-8FDC-42A3-9474-1A3956D46DE8}") = "Controllers", "Controllers", "{4CF652F5-57FF-49E8-8E7B-17311310B227}"
EndProject
Project("{FAE04EC0-301F-11D3-BF4B-00C04F79EFBC}") = "NorthWind.Sales.Controllers", "NorthWind.Sales.Controllers\NorthWind.Sales.Controllers.csproj", "{501F5E6D-80BC-46C0-AE80-7AE35806051A}"
EndProject
Project("{FAE04EC0-301F-11D3-BF4B-00C04F79EFBC}") = "NorthWind.Sales.IoC", "NorthWind.Sales.IoC\NorthWind.Sales.IoC.csproj", "{30A3DD77-C086-470C-B188-650F426E0E50}"
EndProject
Project("{2150E333-8FDC-42A3-9474-1A3956D46DE8}") = "UIs", "UIs", "{AA058853-5E5E-4893-B86F-D66CFB54677E}"
EndProject
Project("{FAE04EC0-301F-11D3-BF4B-00C04F79EFBC}") = "NorthWind.Sales.WebAPI", "NorthWind.Sales.WebAPI\NorthWind.Sales.WebAPI.csproj", "{C1F1B249-4D46-42DC-804A-24E2785702FA}"
EndProject
Global
	GlobalSection(SolutionConfigurationPlatforms) = preSolution
		Debug|Any CPU = Debug|Any CPU
		Release|Any CPU = Release|Any CPU
	EndGlobalSection
	GlobalSection(ProjectConfigurationPlatforms) = postSolution
		{E0DCD57C-49AE-4E78-AD43-562F8369A84D}.Debug|Any CPU.ActiveCfg = Debug|Any CPU
		{E0DCD57C-49AE-4E78-AD43-562F8369A84D}.Debug|Any CPU.Build.0 = Debug|Any CPU
		{E0DCD57C-49AE-4E78-AD43-562F8369A84D}.Release|Any CPU.ActiveCfg = Release|Any CPU
		{E0DCD57C-49AE-4E78-AD43-562F8369A84D}.Release|Any CPU.Build.0 = Release|Any CPU
		{5A9639D4-CF6E-4B0E-B1C5-506AB712D254}.Debug|Any CPU.ActiveCfg = Debug|Any CPU
		{5A9639D4-CF6E-4B0E-B1C5-506AB712D254}.Debug|Any CPU.Build.0 = Debug|Any CPU
		{5A9639D4-CF6E-4B0E-B1C5-506AB712D254}.Release|Any CPU.ActiveCfg = Release|Any CPU
		{5A9639D4-CF6E-4B0E-B1C5-506AB712D254}.Release|Any CPU.Build.0 = Release|Any CPU
		{EAE1979E-0414-4F71-93ED-B1E13B933179}.Debug|Any CPU.ActiveCfg = Debug|Any CPU
		{EAE1979E-0414-4F71-93ED-B1E13B933179}.Debug|Any CPU.Build.0 = Debug|Any CPU
		{EAE1979E-0414-4F71-93ED-B1E13B933179}.Release|Any CPU.ActiveCfg = Release|Any CPU
		{EAE1979E-0414-4F71-93ED-B1E13B933179}.Release|Any CPU.Build.0 = Release|Any CPU
		{6654D137-6988-4573-A3B0-A167ED141F02}.Debug|Any CPU.ActiveCfg = Debug|Any CPU
		{6654D137-6988-4573-A3B0-A167ED141F02}.Debug|Any CPU.Build.0 = Debug|Any CPU
		{6654D137-6988-4573-A3B0-A167ED141F02}.Release|Any CPU.ActiveCfg = Release|Any CPU
		{6654D137-6988-4573-A3B0-A167ED141F02}.Release|Any CPU.Build.0 = Release|Any CPU
		{2DCFDFB2-0A29-4D6E-A5DC-025361BAD4F3}.Debug|Any CPU.ActiveCfg = Debug|Any CPU
		{2DCFDFB2-0A29-4D6E-A5DC-025361BAD4F3}.Debug|Any CPU.Build.0 = Debug|Any CPU
		{2DCFDFB2-0A29-4D6E-A5DC-025361BAD4F3}.Release|Any CPU.ActiveCfg = Release|Any CPU
		{2DCFDFB2-0A29-4D6E-A5DC-025361BAD4F3}.Release|Any CPU.Build.0 = Release|Any CPU
		{501F5E6D-80BC-46C0-AE80-7AE35806051A}.Debug|Any CPU.ActiveCfg = Debug|Any CPU
		{501F5E6D-80BC-46C0-AE80-7AE35806051A}.Debug|Any CPU.Build.0 = Debug|Any CPU
		{501F5E6D-80BC-46C0-AE80-7AE35806051A}.Release|Any CPU.ActiveCfg = Release|Any CPU
		{501F5E6D-80BC-46C0-AE80-7AE35806051A}.Release|Any CPU.Build.0 = Release|Any CPU
		{30A3DD77-C086-470C-B188-650F426E0E50}.Debug|Any CPU.ActiveCfg = Debug|Any CPU
		{30A3DD77-C086-470C-B188-650F426E0E50}.Debug|Any CPU.Build.0 = Debug|Any CPU
		{30A3DD77-C086-470C-B188-650F426E0E50}.Release|Any CPU.ActiveCfg = Release|Any CPU
		{30A3DD77-C086-470C-B188-650F426E0E50}.Release|Any CPU.Build.0 = Release|Any CPU
		{C1F1B249-4D46-42DC-804A-24E2785702FA}.Debug|Any CPU.ActiveCfg = Debug|Any CPU
		{C1F1B249-4D46-42DC-804A-24E2785702FA}.Debug|Any CPU.Build.0 = Debug|Any CPU
		{C1F1B249-4D46-42DC-804A-24E2785702FA}.Release|Any CPU.ActiveCfg = Release|Any CPU
		{C1F1B249-4D46-42DC-804A-24E2785702FA}.Release|Any CPU.Build.0 = Release|Any CPU
	EndGlobalSection
	GlobalSection(SolutionProperties) = preSolution
		HideSolutionNode = FALSE
	EndGlobalSection
	GlobalSection(NestedProjects) = preSolution
		{E0DCD57C-49AE-4E78-AD43-562F8369A84D} = {A7FE1476-9CCC-485A-B74F-673AA6B46E3F}
		{5A9639D4-CF6E-4B0E-B1C5-506AB712D254} = {BFFFDC67-A18C-452D-8A22-D7A82C923757}
		{EAE1979E-0414-4F71-93ED-B1E13B933179} = {BFFFDC67-A18C-452D-8A22-D7A82C923757}
		{F5FA5227-E593-439B-963E-8A7211170A70} = {E4202709-C1E3-4E21-8EC0-0AE2F403A75D}
		{767CB697-F501-4253-BBE0-CDB84063A4D5} = {F5FA5227-E593-439B-963E-8A7211170A70}
		{6654D137-6988-4573-A3B0-A167ED141F02} = {767CB697-F501-4253-BBE0-CDB84063A4D5}
		{EAD6EB0A-5CD4-472F-A217-93FF366A712F} = {E4202709-C1E3-4E21-8EC0-0AE2F403A75D}
		{2DCFDFB2-0A29-4D6E-A5DC-025361BAD4F3} = {EAD6EB0A-5CD4-472F-A217-93FF366A712F}
		{4CF652F5-57FF-49E8-8E7B-17311310B227} = {E4202709-C1E3-4E21-8EC0-0AE2F403A75D}
		{501F5E6D-80BC-46C0-AE80-7AE35806051A} = {4CF652F5-57FF-49E8-8E7B-17311310B227}
		{30A3DD77-C086-470C-B188-650F426E0E50} = {E4202709-C1E3-4E21-8EC0-0AE2F403A75D}
		{AA058853-5E5E-4893-B86F-D66CFB54677E} = {00A70410-B4B8-4BF9-AB30-B60AE0FAFB0B}
		{C1F1B249-4D46-42DC-804A-24E2785702FA} = {AA058853-5E5E-4893-B86F-D66CFB54677E}
	EndGlobalSection
	GlobalSection(ExtensibilityGlobals) = postSolution
		SolutionGuid = {5AB82E5B-8F7F-4F73-A36F-C68EA7895164}
	EndGlobalSection
EndGlobal
